
Microsoft Visual Studio Solution File, Format Version 12.00
# Visual Studio Version 16
VisualStudioVersion = 16.0.29209.62
MinimumVisualStudioVersion = 10.0.40219.1
Project("{FAE04EC0-301F-11D3-BF4B-00C04F79EFBC}") = "Entity", "Entity\Entity.csproj", "{27B025DD-BEE7-4DBE-B26D-0CC829512797}"
EndProject
Project("{FAE04EC0-301F-11D3-BF4B-00C04F79EFBC}") = "Api", "RESTClient\Api.csproj", "{DC031AC5-CEB5-4A7B-8EAE-00BA24DD419F}"
EndProject
Project("{FAE04EC0-301F-11D3-BF4B-00C04F79EFBC}") = "Service", "Service\Service.csproj", "{A7FA364D-DB5B-4834-B888-3A78BDC10339}"
EndProject
Project("{FAE04EC0-301F-11D3-BF4B-00C04F79EFBC}") = "WinForm", "WinForm\WinForm.csproj", "{2659B4D8-CCA0-488C-85F3-0183D9B01DBA}"
EndProject
Global
	GlobalSection(SolutionConfigurationPlatforms) = preSolution
		Debug|Any CPU = Debug|Any CPU
		Release|Any CPU = Release|Any CPU
	EndGlobalSection
	GlobalSection(ProjectConfigurationPlatforms) = postSolution
		{27B025DD-BEE7-4DBE-B26D-0CC829512797}.Debug|Any CPU.ActiveCfg = Debug|Any CPU
		{27B025DD-BEE7-4DBE-B26D-0CC829512797}.Debug|Any CPU.Build.0 = Debug|Any CPU
		{27B025DD-BEE7-4DBE-B26D-0CC829512797}.Release|Any CPU.ActiveCfg = Release|Any CPU
		{27B025DD-BEE7-4DBE-B26D-0CC829512797}.Release|Any CPU.Build.0 = Release|Any CPU
		{DC031AC5-CEB5-4A7B-8EAE-00BA24DD419F}.Debug|Any CPU.ActiveCfg = Debug|Any CPU
		{DC031AC5-CEB5-4A7B-8EAE-00BA24DD419F}.Debug|Any CPU.Build.0 = Debug|Any CPU
		{DC031AC5-CEB5-4A7B-8EAE-00BA24DD419F}.Release|Any CPU.ActiveCfg = Release|Any CPU
		{DC031AC5-CEB5-4A7B-8EAE-00BA24DD419F}.Release|Any CPU.Build.0 = Release|Any CPU
		{A7FA364D-DB5B-4834-B888-3A78BDC10339}.Debug|Any CPU.ActiveCfg = Debug|Any CPU
		{A7FA364D-DB5B-4834-B888-3A78BDC10339}.Debug|Any CPU.Build.0 = Debug|Any CPU
		{A7FA364D-DB5B-4834-B888-3A78BDC10339}.Release|Any CPU.ActiveCfg = Release|Any CPU
		{A7FA364D-DB5B-4834-B888-3A78BDC10339}.Release|Any CPU.Build.0 = Release|Any CPU
		{2659B4D8-CCA0-488C-85F3-0183D9B01DBA}.Debug|Any CPU.ActiveCfg = Debug|Any CPU
		{2659B4D8-CCA0-488C-85F3-0183D9B01DBA}.Debug|Any CPU.Build.0 = Debug|Any CPU
		{2659B4D8-CCA0-488C-85F3-0183D9B01DBA}.Release|Any CPU.ActiveCfg = Release|Any CPU
		{2659B4D8-CCA0-488C-85F3-0183D9B01DBA}.Release|Any CPU.Build.0 = Release|Any CPU
	EndGlobalSection
	GlobalSection(SolutionProperties) = preSolution
		HideSolutionNode = FALSE
	EndGlobalSection
	GlobalSection(ExtensibilityGlobals) = postSolution
		SolutionGuid = {B89B9822-6331-4696-A530-98CEA1962F42}
	EndGlobalSection
EndGlobal
